
Microsoft Visual Studio Solution File, Format Version 10.00
# Visual Studio 2008
Project("{CC5FD16D-436D-48AD-A40C-5A424C6E3E79}") = "iGiftsCloudService", "iGiftsCloudService\iGiftsCloudService.ccproj", "{F548D8F2-9225-4C52-942C-766093E758CE}"
EndProject
Project("{FAE04EC0-301F-11D3-BF4B-00C04F79EFBC}") = "prototype3", "..\prototype3\prototype3\prototype3.csproj", "{463DBA7F-C22C-44CF-AB10-20DB0DDE64CD}"
EndProject
Global
	GlobalSection(SolutionConfigurationPlatforms) = preSolution
		Debug|Any CPU = Debug|Any CPU
		Release|Any CPU = Release|Any CPU
	EndGlobalSection
	GlobalSection(ProjectConfigurationPlatforms) = postSolution
		{F548D8F2-9225-4C52-942C-766093E758CE}.Debug|Any CPU.ActiveCfg = Debug|Any CPU
		{F548D8F2-9225-4C52-942C-766093E758CE}.Debug|Any CPU.Build.0 = Debug|Any CPU
		{F548D8F2-9225-4C52-942C-766093E758CE}.Release|Any CPU.ActiveCfg = Release|Any CPU
		{F548D8F2-9225-4C52-942C-766093E758CE}.Release|Any CPU.Build.0 = Release|Any CPU
		{463DBA7F-C22C-44CF-AB10-20DB0DDE64CD}.Debug|Any CPU.ActiveCfg = Debug|Any CPU
		{463DBA7F-C22C-44CF-AB10-20DB0DDE64CD}.Debug|Any CPU.Build.0 = Debug|Any CPU
		{463DBA7F-C22C-44CF-AB10-20DB0DDE64CD}.Release|Any CPU.ActiveCfg = Release|Any CPU
		{463DBA7F-C22C-44CF-AB10-20DB0DDE64CD}.Release|Any CPU.Build.0 = Release|Any CPU
	EndGlobalSection
	GlobalSection(SolutionProperties) = preSolution
		HideSolutionNode = FALSE
	EndGlobalSection
EndGlobal
